// !$*UTF8*$!
{
	archiveVersion = 1;
	classes = {
	};
	objectVersion = 55;
	objects = {

/* Begin PBXBuildFile section */
		B22AC0B82892D11700DBC825 /* AppDelegate.swift in Sources */ = {isa = PBXBuildFile; fileRef = B22AC0B72892D11700DBC825 /* AppDelegate.swift */; };
		B22AC0BA2892D11700DBC825 /* SceneDelegate.swift in Sources */ = {isa = PBXBuildFile; fileRef = B22AC0B92892D11700DBC825 /* SceneDelegate.swift */; };
		B22AC0BC2892D11700DBC825 /* ViewController.swift in Sources */ = {isa = PBXBuildFile; fileRef = B22AC0BB2892D11700DBC825 /* ViewController.swift */; };
		B22AC0BF2892D11700DBC825 /* Main.storyboard in Resources */ = {isa = PBXBuildFile; fileRef = B22AC0BD2892D11700DBC825 /* Main.storyboard */; };
		B22AC0C12892D11800DBC825 /* Assets.xcassets in Resources */ = {isa = PBXBuildFile; fileRef = B22AC0C02892D11800DBC825 /* Assets.xcassets */; };
		B22AC0C42892D11800DBC825 /* LaunchScreen.storyboard in Resources */ = {isa = PBXBuildFile; fileRef = B22AC0C22892D11800DBC825 /* LaunchScreen.storyboard */; };
		B22AC0CF2892D11900DBC825 /* AutoLayoutPracticeTests.swift in Sources */ = {isa = PBXBuildFile; fileRef = B22AC0CE2892D11900DBC825 /* AutoLayoutPracticeTests.swift */; };
		B22AC0D92892D11900DBC825 /* AutoLayoutPracticeUITests.swift in Sources */ = {isa = PBXBuildFile; fileRef = B22AC0D82892D11900DBC825 /* AutoLayoutPracticeUITests.swift */; };
		B22AC0DB2892D11900DBC825 /* AutoLayoutPracticeUITestsLaunchTests.swift in Sources */ = {isa = PBXBuildFile; fileRef = B22AC0DA2892D11900DBC825 /* AutoLayoutPracticeUITestsLaunchTests.swift */; };
/* End PBXBuildFile section */

/* Begin PBXContainerItemProxy section */
		B22AC0CB2892D11900DBC825 /* PBXContainerItemProxy */ = {
			isa = PBXContainerItemProxy;
			containerPortal = B22AC0AC2892D11600DBC825 /* Project object */;
			proxyType = 1;
			remoteGlobalIDString = B22AC0B32892D11600DBC825;
			remoteInfo = AutoLayoutPractice;
		};
		B22AC0D52892D11900DBC825 /* PBXContainerItemProxy */ = {
			isa = PBXContainerItemProxy;
			containerPortal = B22AC0AC2892D11600DBC825 /* Project object */;
			proxyType = 1;
			remoteGlobalIDString = B22AC0B32892D11600DBC825;
			remoteInfo = AutoLayoutPractice;
		};
/* End PBXContainerItemProxy section */

/* Begin PBXFileReference section */
		B22AC0B42892D11700DBC825 /* AutoLayoutPractice.app */ = {isa = PBXFileReference; explicitFileType = wrapper.application; includeInIndex = 0; path = AutoLayoutPractice.app; sourceTree = BUILT_PRODUCTS_DIR; };
		B22AC0B72892D11700DBC825 /* AppDelegate.swift */ = {isa = PBXFileReference; lastKnownFileType = sourcecode.swift; path = AppDelegate.swift; sourceTree = "<group>"; };
		B22AC0B92892D11700DBC825 /* SceneDelegate.swift */ = {isa = PBXFileReference; lastKnownFileType = sourcecode.swift; path = SceneDelegate.swift; sourceTree = "<group>"; };
		B22AC0BB2892D11700DBC825 /* ViewController.swift */ = {isa = PBXFileReference; lastKnownFileType = sourcecode.swift; path = ViewController.swift; sourceTree = "<group>"; };
		B22AC0BE2892D11700DBC825 /* Base */ = {isa = PBXFileReference; lastKnownFileType = file.storyboard; name = Base; path = Base.lproj/Main.storyboard; sourceTree = "<group>"; };
		B22AC0C02892D11800DBC825 /* Assets.xcassets */ = {isa = PBXFileReference; lastKnownFileType = folder.assetcatalog; path = Assets.xcassets; sourceTree = "<group>"; };
		B22AC0C32892D11800DBC825 /* Base */ = {isa = PBXFileReference; lastKnownFileType = file.storyboard; name = Base; path = Base.lproj/LaunchScreen.storyboard; sourceTree = "<group>"; };
		B22AC0C52892D11800DBC825 /* Info.plist */ = {isa = PBXFileReference; lastKnownFileType = text.plist.xml; path = Info.plist; sourceTree = "<group>"; };
		B22AC0CA2892D11900DBC825 /* AutoLayoutPracticeTests.xctest */ = {isa = PBXFileReference; explicitFileType = wrapper.cfbundle; includeInIndex = 0; path = AutoLayoutPracticeTests.xctest; sourceTree = BUILT_PRODUCTS_DIR; };
		B22AC0CE2892D11900DBC825 /* AutoLayoutPracticeTests.swift */ = {isa = PBXFileReference; lastKnownFileType = sourcecode.swift; path = AutoLayoutPracticeTests.swift; sourceTree = "<group>"; };
		B22AC0D42892D11900DBC825 /* AutoLayoutPracticeUITests.xctest */ = {isa = PBXFileReference; explicitFileType = wrapper.cfbundle; includeInIndex = 0; path = AutoLayoutPracticeUITests.xctest; sourceTree = BUILT_PRODUCTS_DIR; };
		B22AC0D82892D11900DBC825 /* AutoLayoutPracticeUITests.swift */ = {isa = PBXFileReference; lastKnownFileType = sourcecode.swift; path = AutoLayoutPracticeUITests.swift; sourceTree = "<group>"; };
		B22AC0DA2892D11900DBC825 /* AutoLayoutPracticeUITestsLaunchTests.swift */ = {isa = PBXFileReference; lastKnownFileType = sourcecode.swift; path = AutoLayoutPracticeUITestsLaunchTests.swift; sourceTree = "<group>"; };
/* End PBXFileReference section */

/* Begin PBXFrameworksBuildPhase section */
		B22AC0B12892D11600DBC825 /* Frameworks */ = {
			isa = PBXFrameworksBuildPhase;
			buildActionMask = 2147483647;
			files = (
			);
			runOnlyForDeploymentPostprocessing = 0;
		};
		B22AC0C72892D11900DBC825 /* Frameworks */ = {
			isa = PBXFrameworksBuildPhase;
			buildActionMask = 2147483647;
			files = (
			);
			runOnlyForDeploymentPostprocessing = 0;
		};
		B22AC0D12892D11900DBC825 /* Frameworks */ = {
			isa = PBXFrameworksBuildPhase;
			buildActionMask = 2147483647;
			files = (
			);
			runOnlyForDeploymentPostprocessing = 0;
		};
/* End PBXFrameworksBuildPhase section */

/* Begin PBXGroup section */
		B22AC0AB2892D11600DBC825 = {
			isa = PBXGroup;
			children = (
				B22AC0B62892D11700DBC825 /* AutoLayoutPractice */,
				B22AC0CD2892D11900DBC825 /* AutoLayoutPracticeTests */,
				B22AC0D72892D11900DBC825 /* AutoLayoutPracticeUITests */,
				B22AC0B52892D11700DBC825 /* Products */,
			);
			sourceTree = "<group>";
		};
		B22AC0B52892D11700DBC825 /* Products */ = {
			isa = PBXGroup;
			children = (
				B22AC0B42892D11700DBC825 /* AutoLayoutPractice.app */,
				B22AC0CA2892D11900DBC825 /* AutoLayoutPracticeTests.xctest */,
				B22AC0D42892D11900DBC825 /* AutoLayoutPracticeUITests.xctest */,
			);
			name = Products;
			sourceTree = "<group>";
		};
		B22AC0B62892D11700DBC825 /* AutoLayoutPractice */ = {
			isa = PBXGroup;
			children = (
				B22AC0B72892D11700DBC825 /* AppDelegate.swift */,
				B22AC0B92892D11700DBC825 /* SceneDelegate.swift */,
				B22AC0BB2892D11700DBC825 /* ViewController.swift */,
				B22AC0BD2892D11700DBC825 /* Main.storyboard */,
				B22AC0C02892D11800DBC825 /* Assets.xcassets */,
				B22AC0C22892D11800DBC825 /* LaunchScreen.storyboard */,
				B22AC0C52892D11800DBC825 /* Info.plist */,
			);
			path = AutoLayoutPractice;
			sourceTree = "<group>";
		};
		B22AC0CD2892D11900DBC825 /* AutoLayoutPracticeTests */ = {
			isa = PBXGroup;
			children = (
				B22AC0CE2892D11900DBC825 /* AutoLayoutPracticeTests.swift */,
			);
			path = AutoLayoutPracticeTests;
			sourceTree = "<group>";
		};
		B22AC0D72892D11900DBC825 /* AutoLayoutPracticeUITests */ = {
			isa = PBXGroup;
			children = (
				B22AC0D82892D11900DBC825 /* AutoLayoutPracticeUITests.swift */,
				B22AC0DA2892D11900DBC825 /* AutoLayoutPracticeUITestsLaunchTests.swift */,
			);
			path = AutoLayoutPracticeUITests;
			sourceTree = "<group>";
		};
/* End PBXGroup section */

/* Begin PBXNativeTarget section */
		B22AC0B32892D11600DBC825 /* AutoLayoutPractice */ = {
			isa = PBXNativeTarget;
			buildConfigurationList = B22AC0DE2892D11900DBC825 /* Build configuration list for PBXNativeTarget "AutoLayoutPractice" */;
			buildPhases = (
				B22AC0B02892D11600DBC825 /* Sources */,
				B22AC0B12892D11600DBC825 /* Frameworks */,
				B22AC0B22892D11600DBC825 /* Resources */,
			);
			buildRules = (
			);
			dependencies = (
			);
			name = AutoLayoutPractice;
			productName = AutoLayoutPractice;
			productReference = B22AC0B42892D11700DBC825 /* AutoLayoutPractice.app */;
			productType = "com.apple.product-type.application";
		};
		B22AC0C92892D11900DBC825 /* AutoLayoutPracticeTests */ = {
			isa = PBXNativeTarget;
			buildConfigurationList = B22AC0E12892D11900DBC825 /* Build configuration list for PBXNativeTarget "AutoLayoutPracticeTests" */;
			buildPhases = (
				B22AC0C62892D11900DBC825 /* Sources */,
				B22AC0C72892D11900DBC825 /* Frameworks */,
				B22AC0C82892D11900DBC825 /* Resources */,
			);
			buildRules = (
			);
			dependencies = (
				B22AC0CC2892D11900DBC825 /* PBXTargetDependency */,
			);
			name = AutoLayoutPracticeTests;
			productName = AutoLayoutPracticeTests;
			productReference = B22AC0CA2892D11900DBC825 /* AutoLayoutPracticeTests.xctest */;
			productType = "com.apple.product-type.bundle.unit-test";
		};
		B22AC0D32892D11900DBC825 /* AutoLayoutPracticeUITests */ = {
			isa = PBXNativeTarget;
			buildConfigurationList = B22AC0E42892D11900DBC825 /* Build configuration list for PBXNativeTarget "AutoLayoutPracticeUITests" */;
			buildPhases = (
				B22AC0D02892D11900DBC825 /* Sources */,
				B22AC0D12892D11900DBC825 /* Frameworks */,
				B22AC0D22892D11900DBC825 /* Resources */,
			);
			buildRules = (
			);
			dependencies = (
				B22AC0D62892D11900DBC825 /* PBXTargetDependency */,
			);
			name = AutoLayoutPracticeUITests;
			productName = AutoLayoutPracticeUITests;
			productReference = B22AC0D42892D11900DBC825 /* AutoLayoutPracticeUITests.xctest */;
			productType = "com.apple.product-type.bundle.ui-testing";
		};
/* End PBXNativeTarget section */

/* Begin PBXProject section */
		B22AC0AC2892D11600DBC825 /* Project object */ = {
			isa = PBXProject;
			attributes = {
				BuildIndependentTargetsInParallel = 1;
				LastSwiftUpdateCheck = 1340;
				LastUpgradeCheck = 1340;
				TargetAttributes = {
					B22AC0B32892D11600DBC825 = {
						CreatedOnToolsVersion = 13.4.1;
					};
					B22AC0C92892D11900DBC825 = {
						CreatedOnToolsVersion = 13.4.1;
						TestTargetID = B22AC0B32892D11600DBC825;
					};
					B22AC0D32892D11900DBC825 = {
						CreatedOnToolsVersion = 13.4.1;
						TestTargetID = B22AC0B32892D11600DBC825;
					};
				};
			};
			buildConfigurationList = B22AC0AF2892D11600DBC825 /* Build configuration list for PBXProject "AutoLayoutPractice" */;
			compatibilityVersion = "Xcode 13.0";
			developmentRegion = en;
			hasScannedForEncodings = 0;
			knownRegions = (
				en,
				Base,
			);
			mainGroup = B22AC0AB2892D11600DBC825;
			productRefGroup = B22AC0B52892D11700DBC825 /* Products */;
			projectDirPath = "";
			projectRoot = "";
			targets = (
				B22AC0B32892D11600DBC825 /* AutoLayoutPractice */,
				B22AC0C92892D11900DBC825 /* AutoLayoutPracticeTests */,
				B22AC0D32892D11900DBC825 /* AutoLayoutPracticeUITests */,
			);
		};
/* End PBXProject section */

/* Begin PBXResourcesBuildPhase section */
		B22AC0B22892D11600DBC825 /* Resources */ = {
			isa = PBXResourcesBuildPhase;
			buildActionMask = 2147483647;
			files = (
				B22AC0C42892D11800DBC825 /* LaunchScreen.storyboard in Resources */,
				B22AC0C12892D11800DBC825 /* Assets.xcassets in Resources */,
				B22AC0BF2892D11700DBC825 /* Main.storyboard in Resources */,
			);
			runOnlyForDeploymentPostprocessing = 0;
		};
		B22AC0C82892D11900DBC825 /* Resources */ = {
			isa = PBXResourcesBuildPhase;
			buildActionMask = 2147483647;
			files = (
			);
			runOnlyForDeploymentPostprocessing = 0;
		};
		B22AC0D22892D11900DBC825 /* Resources */ = {
			isa = PBXResourcesBuildPhase;
			buildActionMask = 2147483647;
			files = (
			);
			runOnlyForDeploymentPostprocessing = 0;
		};
/* End PBXResourcesBuildPhase section */

/* Begin PBXSourcesBuildPhase section */
		B22AC0B02892D11600DBC825 /* Sources */ = {
			isa = PBXSourcesBuildPhase;
			buildActionMask = 2147483647;
			files = (
				B22AC0BC2892D11700DBC825 /* ViewController.swift in Sources */,
				B22AC0B82892D11700DBC825 /* AppDelegate.swift in Sources */,
				B22AC0BA2892D11700DBC825 /* SceneDelegate.swift in Sources */,
			);
			runOnlyForDeploymentPostprocessing = 0;
		};
		B22AC0C62892D11900DBC825 /* Sources */ = {
			isa = PBXSourcesBuildPhase;
			buildActionMask = 2147483647;
			files = (
				B22AC0CF2892D11900DBC825 /* AutoLayoutPracticeTests.swift in Sources */,
			);
			runOnlyForDeploymentPostprocessing = 0;
		};
		B22AC0D02892D11900DBC825 /* Sources */ = {
			isa = PBXSourcesBuildPhase;
			buildActionMask = 2147483647;
			files = (
				B22AC0DB2892D11900DBC825 /* AutoLayoutPracticeUITestsLaunchTests.swift in Sources */,
				B22AC0D92892D11900DBC825 /* AutoLayoutPracticeUITests.swift in Sources */,
			);
			runOnlyForDeploymentPostprocessing = 0;
		};
/* End PBXSourcesBuildPhase section */

/* Begin PBXTargetDependency section */
		B22AC0CC2892D11900DBC825 /* PBXTargetDependency */ = {
			isa = PBXTargetDependency;
			target = B22AC0B32892D11600DBC825 /* AutoLayoutPractice */;
			targetProxy = B22AC0CB2892D11900DBC825 /* PBXContainerItemProxy */;
		};
		B22AC0D62892D11900DBC825 /* PBXTargetDependency */ = {
			isa = PBXTargetDependency;
			target = B22AC0B32892D11600DBC825 /* AutoLayoutPractice */;
			targetProxy = B22AC0D52892D11900DBC825 /* PBXContainerItemProxy */;
		};
/* End PBXTargetDependency section */

/* Begin PBXVariantGroup section */
		B22AC0BD2892D11700DBC825 /* Main.storyboard */ = {
			isa = PBXVariantGroup;
			children = (
				B22AC0BE2892D11700DBC825 /* Base */,
			);
			name = Main.storyboard;
			sourceTree = "<group>";
		};
		B22AC0C22892D11800DBC825 /* LaunchScreen.storyboard */ = {
			isa = PBXVariantGroup;
			children = (
				B22AC0C32892D11800DBC825 /* Base */,
			);
			name = LaunchScreen.storyboard;
			sourceTree = "<group>";
		};
/* End PBXVariantGroup section */

/* Begin XCBuildConfiguration section */
		B22AC0DC2892D11900DBC825 /* Debug */ = {
			isa = XCBuildConfiguration;
			buildSettings = {
				ALWAYS_SEARCH_USER_PATHS = NO;
				CLANG_ANALYZER_NONNULL = YES;
				CLANG_ANALYZER_NUMBER_OBJECT_CONVERSION = YES_AGGRESSIVE;
				CLANG_CXX_LANGUAGE_STANDARD = "gnu++17";
				CLANG_ENABLE_MODULES = YES;
				CLANG_ENABLE_OBJC_ARC = YES;
				CLANG_ENABLE_OBJC_WEAK = YES;
				CLANG_WARN_BLOCK_CAPTURE_AUTORELEASING = YES;
				CLANG_WARN_BOOL_CONVERSION = YES;
				CLANG_WARN_COMMA = YES;
				CLANG_WARN_CONSTANT_CONVERSION = YES;
				CLANG_WARN_DEPRECATED_OBJC_IMPLEMENTATIONS = YES;
				CLANG_WARN_DIRECT_OBJC_ISA_USAGE = YES_ERROR;
				CLANG_WARN_DOCUMENTATION_COMMENTS = YES;
				CLANG_WARN_EMPTY_BODY = YES;
				CLANG_WARN_ENUM_CONVERSION = YES;
				CLANG_WARN_INFINITE_RECURSION = YES;
				CLANG_WARN_INT_CONVERSION = YES;
				CLANG_WARN_NON_LITERAL_NULL_CONVERSION = YES;
				CLANG_WARN_OBJC_IMPLICIT_RETAIN_SELF = YES;
				CLANG_WARN_OBJC_LITERAL_CONVERSION = YES;
				CLANG_WARN_OBJC_ROOT_CLASS = YES_ERROR;
				CLANG_WARN_QUOTED_INCLUDE_IN_FRAMEWORK_HEADER = YES;
				CLANG_WARN_RANGE_LOOP_ANALYSIS = YES;
				CLANG_WARN_STRICT_PROTOTYPES = YES;
				CLANG_WARN_SUSPICIOUS_MOVE = YES;
				CLANG_WARN_UNGUARDED_AVAILABILITY = YES_AGGRESSIVE;
				CLANG_WARN_UNREACHABLE_CODE = YES;
				CLANG_WARN__DUPLICATE_METHOD_MATCH = YES;
				COPY_PHASE_STRIP = NO;
				DEBUG_INFORMATION_FORMAT = dwarf;
				ENABLE_STRICT_OBJC_MSGSEND = YES;
				ENABLE_TESTABILITY = YES;
				GCC_C_LANGUAGE_STANDARD = gnu11;
				GCC_DYNAMIC_NO_PIC = NO;
				GCC_NO_COMMON_BLOCKS = YES;
				GCC_OPTIMIZATION_LEVEL = 0;
				GCC_PREPROCESSOR_DEFINITIONS = (
					"DEBUG=1",
					"$(inherited)",
				);
				GCC_WARN_64_TO_32_BIT_CONVERSION = YES;
				GCC_WARN_ABOUT_RETURN_TYPE = YES_ERROR;
				GCC_WARN_UNDECLARED_SELECTOR = YES;
				GCC_WARN_UNINITIALIZED_AUTOS = YES_AGGRESSIVE;
				GCC_WARN_UNUSED_FUNCTION = YES;
				GCC_WARN_UNUSED_VARIABLE = YES;
				IPHONEOS_DEPLOYMENT_TARGET = 15.5;
				MTL_ENABLE_DEBUG_INFO = INCLUDE_SOURCE;
				MTL_FAST_MATH = YES;
				ONLY_ACTIVE_ARCH = YES;
				SDKROOT = iphoneos;
				SWIFT_ACTIVE_COMPILATION_CONDITIONS = DEBUG;
				SWIFT_OPTIMIZATION_LEVEL = "-Onone";
			};
			name = Debug;
		};
		B22AC0DD2892D11900DBC825 /* Release */ = {
			isa = XCBuildConfiguration;
			buildSettings = {
				ALWAYS_SEARCH_USER_PATHS = NO;
				CLANG_ANALYZER_NONNULL = YES;
				CLANG_ANALYZER_NUMBER_OBJECT_CONVERSION = YES_AGGRESSIVE;
				CLANG_CXX_LANGUAGE_STANDARD = "gnu++17";
				CLANG_ENABLE_MODULES = YES;
				CLANG_ENABLE_OBJC_ARC = YES;
				CLANG_ENABLE_OBJC_WEAK = YES;
				CLANG_WARN_BLOCK_CAPTURE_AUTORELEASING = YES;
				CLANG_WARN_BOOL_CONVERSION = YES;
				CLANG_WARN_COMMA = YES;
				CLANG_WARN_CONSTANT_CONVERSION = YES;
				CLANG_WARN_DEPRECATED_OBJC_IMPLEMENTATIONS = YES;
				CLANG_WARN_DIRECT_OBJC_ISA_USAGE = YES_ERROR;
				CLANG_WARN_DOCUMENTATION_COMMENTS = YES;
				CLANG_WARN_EMPTY_BODY = YES;
				CLANG_WARN_ENUM_CONVERSION = YES;
				CLANG_WARN_INFINITE_RECURSION = YES;
				CLANG_WARN_INT_CONVERSION = YES;
				CLANG_WARN_NON_LITERAL_NULL_CONVERSION = YES;
				CLANG_WARN_OBJC_IMPLICIT_RETAIN_SELF = YES;
				CLANG_WARN_OBJC_LITERAL_CONVERSION = YES;
				CLANG_WARN_OBJC_ROOT_CLASS = YES_ERROR;
				CLANG_WARN_QUOTED_INCLUDE_IN_FRAMEWORK_HEADER = YES;
				CLANG_WARN_RANGE_LOOP_ANALYSIS = YES;
				CLANG_WARN_STRICT_PROTOTYPES = YES;
				CLANG_WARN_SUSPICIOUS_MOVE = YES;
				CLANG_WARN_UNGUARDED_AVAILABILITY = YES_AGGRESSIVE;
				CLANG_WARN_UNREACHABLE_CODE = YES;
				CLANG_WARN__DUPLICATE_METHOD_MATCH = YES;
				COPY_PHASE_STRIP = NO;
				DEBUG_INFORMATION_FORMAT = "dwarf-with-dsym";
				ENABLE_NS_ASSERTIONS = NO;
				ENABLE_STRICT_OBJC_MSGSEND = YES;
				GCC_C_LANGUAGE_STANDARD = gnu11;
				GCC_NO_COMMON_BLOCKS = YES;
				GCC_WARN_64_TO_32_BIT_CONVERSION = YES;
				GCC_WARN_ABOUT_RETURN_TYPE = YES_ERROR;
				GCC_WARN_UNDECLARED_SELECTOR = YES;
				GCC_WARN_UNINITIALIZED_AUTOS = YES_AGGRESSIVE;
				GCC_WARN_UNUSED_FUNCTION = YES;
				GCC_WARN_UNUSED_VARIABLE = YES;
				IPHONEOS_DEPLOYMENT_TARGET = 15.5;
				MTL_ENABLE_DEBUG_INFO = NO;
				MTL_FAST_MATH = YES;
				SDKROOT = iphoneos;
				SWIFT_COMPILATION_MODE = wholemodule;
				SWIFT_OPTIMIZATION_LEVEL = "-O";
				VALIDATE_PRODUCT = YES;
			};
			name = Release;
		};
		B22AC0DF2892D11900DBC825 /* Debug */ = {
			isa = XCBuildConfiguration;
			buildSettings = {
				ASSETCATALOG_COMPILER_APPICON_NAME = AppIcon;
				ASSETCATALOG_COMPILER_GLOBAL_ACCENT_COLOR_NAME = AccentColor;
				CODE_SIGN_STYLE = Automatic;
				CURRENT_PROJECT_VERSION = 1;
				GENERATE_INFOPLIST_FILE = YES;
				INFOPLIST_FILE = AutoLayoutPractice/Info.plist;
				INFOPLIST_KEY_UIApplicationSupportsIndirectInputEvents = YES;
				INFOPLIST_KEY_UILaunchStoryboardName = LaunchScreen;
				INFOPLIST_KEY_UIMainStoryboardFile = Main;
				INFOPLIST_KEY_UISupportedInterfaceOrientations_iPad = "UIInterfaceOrientationPortrait UIInterfaceOrientationPortraitUpsideDown UIInterfaceOrientationLandscapeLeft UIInterfaceOrientationLandscapeRight";
				INFOPLIST_KEY_UISupportedInterfaceOrientations_iPhone = "UIInterfaceOrientationPortrait UIInterfaceOrientationLandscapeLeft UIInterfaceOrientationLandscapeRight";
				LD_RUNPATH_SEARCH_PATHS = (
					"$(inherited)",
					"@executable_path/Frameworks",
				);
				MARKETING_VERSION = 1.0;
				PRODUCT_BUNDLE_IDENTIFIER = WonGi.AutoLayoutPractice;
				PRODUCT_NAME = "$(TARGET_NAME)";
				SWIFT_EMIT_LOC_STRINGS = YES;
				SWIFT_VERSION = 5.0;
				TARGETED_DEVICE_FAMILY = "1,2";
			};
			name = Debug;
		};
		B22AC0E02892D11900DBC825 /* Release */ = {
			isa = XCBuildConfiguration;
			buildSettings = {
				ASSETCATALOG_COMPILER_APPICON_NAME = AppIcon;
				ASSETCATALOG_COMPILER_GLOBAL_ACCENT_COLOR_NAME = AccentColor;
				CODE_SIGN_STYLE = Automatic;
				CURRENT_PROJECT_VERSION = 1;
				GENERATE_INFOPLIST_FILE = YES;
				INFOPLIST_FILE = AutoLayoutPractice/Info.plist;
				INFOPLIST_KEY_UIApplicationSupportsIndirectInputEvents = YES;
				INFOPLIST_KEY_UILaunchStoryboardName = LaunchScreen;
				INFOPLIST_KEY_UIMainStoryboardFile = Main;
				INFOPLIST_KEY_UISupportedInterfaceOrientations_iPad = "UIInterfaceOrientationPortrait UIInterfaceOrientationPortraitUpsideDown UIInterfaceOrientationLandscapeLeft UIInterfaceOrientationLandscapeRight";
				INFOPLIST_KEY_UISupportedInterfaceOrientations_iPhone = "UIInterfaceOrientationPortrait UIInterfaceOrientationLandscapeLeft UIInterfaceOrientationLandscapeRight";
				LD_RUNPATH_SEARCH_PATHS = (
					"$(inherited)",
					"@executable_path/Frameworks",
				);
				MARKETING_VERSION = 1.0;
				PRODUCT_BUNDLE_IDENTIFIER = WonGi.AutoLayoutPractice;
				PRODUCT_NAME = "$(TARGET_NAME)";
				SWIFT_EMIT_LOC_STRINGS = YES;
				SWIFT_VERSION = 5.0;
				TARGETED_DEVICE_FAMILY = "1,2";
			};
			name = Release;
		};
		B22AC0E22892D11900DBC825 /* Debug */ = {
			isa = XCBuildConfiguration;
			buildSettings = {
				ALWAYS_EMBED_SWIFT_STANDARD_LIBRARIES = YES;
				BUNDLE_LOADER = "$(TEST_HOST)";
				CODE_SIGN_STYLE = Automatic;
				CURRENT_PROJECT_VERSION = 1;
				GENERATE_INFOPLIST_FILE = YES;
				IPHONEOS_DEPLOYMENT_TARGET = 15.5;
				MARKETING_VERSION = 1.0;
				PRODUCT_BUNDLE_IDENTIFIER = WonGi.AutoLayoutPracticeTests;
				PRODUCT_NAME = "$(TARGET_NAME)";
				SWIFT_EMIT_LOC_STRINGS = NO;
				SWIFT_VERSION = 5.0;
				TARGETED_DEVICE_FAMILY = "1,2";
				TEST_HOST = "$(BUILT_PRODUCTS_DIR)/AutoLayoutPractice.app/AutoLayoutPractice";
			};
			name = Debug;
		};
		B22AC0E32892D11900DBC825 /* Release */ = {
			isa = XCBuildConfiguration;
			buildSettings = {
				ALWAYS_EMBED_SWIFT_STANDARD_LIBRARIES = YES;
				BUNDLE_LOADER = "$(TEST_HOST)";
				CODE_SIGN_STYLE = Automatic;
				CURRENT_PROJECT_VERSION = 1;
				GENERATE_INFOPLIST_FILE = YES;
				IPHONEOS_DEPLOYMENT_TARGET = 15.5;
				MARKETING_VERSION = 1.0;
				PRODUCT_BUNDLE_IDENTIFIER = WonGi.AutoLayoutPracticeTests;
				PRODUCT_NAME = "$(TARGET_NAME)";
				SWIFT_EMIT_LOC_STRINGS = NO;
				SWIFT_VERSION = 5.0;
				TARGETED_DEVICE_FAMILY = "1,2";
				TEST_HOST = "$(BUILT_PRODUCTS_DIR)/AutoLayoutPractice.app/AutoLayoutPractice";
			};
			name = Release;
		};
		B22AC0E52892D11900DBC825 /* Debug */ = {
			isa = XCBuildConfiguration;
			buildSettings = {
				ALWAYS_EMBED_SWIFT_STANDARD_LIBRARIES = YES;
				CODE_SIGN_STYLE = Automatic;
				CURRENT_PROJECT_VERSION = 1;
				GENERATE_INFOPLIST_FILE = YES;
				MARKETING_VERSION = 1.0;
				PRODUCT_BUNDLE_IDENTIFIER = WonGi.AutoLayoutPracticeUITests;
				PRODUCT_NAME = "$(TARGET_NAME)";
				SWIFT_EMIT_LOC_STRINGS = NO;
				SWIFT_VERSION = 5.0;
				TARGETED_DEVICE_FAMILY = "1,2";
				TEST_TARGET_NAME = AutoLayoutPractice;
			};
			name = Debug;
		};
		B22AC0E62892D11900DBC825 /* Release */ = {
			isa = XCBuildConfiguration;
			buildSettings = {
				ALWAYS_EMBED_SWIFT_STANDARD_LIBRARIES = YES;
				CODE_SIGN_STYLE = Automatic;
				CURRENT_PROJECT_VERSION = 1;
				GENERATE_INFOPLIST_FILE = YES;
				MARKETING_VERSION = 1.0;
				PRODUCT_BUNDLE_IDENTIFIER = WonGi.AutoLayoutPracticeUITests;
				PRODUCT_NAME = "$(TARGET_NAME)";
				SWIFT_EMIT_LOC_STRINGS = NO;
				SWIFT_VERSION = 5.0;
				TARGETED_DEVICE_FAMILY = "1,2";
				TEST_TARGET_NAME = AutoLayoutPractice;
			};
			name = Release;
		};
/* End XCBuildConfiguration section */

/* Begin XCConfigurationList section */
		B22AC0AF2892D11600DBC825 /* Build configuration list for PBXProject "AutoLayoutPractice" */ = {
			isa = XCConfigurationList;
			buildConfigurations = (
				B22AC0DC2892D11900DBC825 /* Debug */,
				B22AC0DD2892D11900DBC825 /* Release */,
			);
			defaultConfigurationIsVisible = 0;
			defaultConfigurationName = Release;
		};
		B22AC0DE2892D11900DBC825 /* Build configuration list for PBXNativeTarget "AutoLayoutPractice" */ = {
			isa = XCConfigurationList;
			buildConfigurations = (
				B22AC0DF2892D11900DBC825 /* Debug */,
				B22AC0E02892D11900DBC825 /* Release */,
			);
			defaultConfigurationIsVisible = 0;
			defaultConfigurationName = Release;
		};
		B22AC0E12892D11900DBC825 /* Build configuration list for PBXNativeTarget "AutoLayoutPracticeTests" */ = {
			isa = XCConfigurationList;
			buildConfigurations = (
				B22AC0E22892D11900DBC825 /* Debug */,
				B22AC0E32892D11900DBC825 /* Release */,
			);
			defaultConfigurationIsVisible = 0;
			defaultConfigurationName = Release;
		};
		B22AC0E42892D11900DBC825 /* Build configuration list for PBXNativeTarget "AutoLayoutPracticeUITests" */ = {
			isa = XCConfigurationList;
			buildConfigurations = (
				B22AC0E52892D11900DBC825 /* Debug */,
				B22AC0E62892D11900DBC825 /* Release */,
			);
			defaultConfigurationIsVisible = 0;
			defaultConfigurationName = Release;
		};
/* End XCConfigurationList section */
	};
	rootObject = B22AC0AC2892D11600DBC825 /* Project object */;
}
